
Microsoft Visual Studio Solution File, Format Version 12.00
# Visual Studio Version 16
VisualStudioVersion = 16.0.29613.14
MinimumVisualStudioVersion = 10.0.40219.1
Project("{FAE04EC0-301F-11D3-BF4B-00C04F79EFBC}") = "Vidly", "Vidly\Vidly.csproj", "{96FFE64E-2FBD-4C8F-A5F7-5E176FDF4057}"
EndProject
Global
	GlobalSection(SolutionConfigurationPlatforms) = preSolution
		Debug|Any CPU = Debug|Any CPU
		Release|Any CPU = Release|Any CPU
	EndGlobalSection
	GlobalSection(ProjectConfigurationPlatforms) = postSolution
		{96FFE64E-2FBD-4C8F-A5F7-5E176FDF4057}.Debug|Any CPU.ActiveCfg = Debug|Any CPU
		{96FFE64E-2FBD-4C8F-A5F7-5E176FDF4057}.Debug|Any CPU.Build.0 = Debug|Any CPU
		{96FFE64E-2FBD-4C8F-A5F7-5E176FDF4057}.Release|Any CPU.ActiveCfg = Release|Any CPU
		{96FFE64E-2FBD-4C8F-A5F7-5E176FDF4057}.Release|Any CPU.Build.0 = Release|Any CPU
	EndGlobalSection
	GlobalSection(SolutionProperties) = preSolution
		HideSolutionNode = FALSE
	EndGlobalSection
	GlobalSection(ExtensibilityGlobals) = postSolution
		SolutionGuid = {36C67F10-20F7-45C0-8E9E-ACB10EDEBB4A}
	EndGlobalSection
EndGlobal
