
Microsoft Visual Studio Solution File, Format Version 12.00
# Visual Studio 15
VisualStudioVersion = 15.0.28307.705
MinimumVisualStudioVersion = 10.0.40219.1
Project("{FAE04EC0-301F-11D3-BF4B-00C04F79EFBC}") = "Vidly", "Vidly\Vidly.csproj", "{96FFE64E-2FBD-4C8F-A5F7-5E176FDF4057}"
EndProject
Project("{FAE04EC0-301F-11D3-BF4B-00C04F79EFBC}") = "VidlyIdentitySample", "VidlyIdentitySample\VidlyIdentitySample.csproj", "{34963766-8C9E-49EE-B974-C90EAA7823D7}"
EndProject
Global
	GlobalSection(SolutionConfigurationPlatforms) = preSolution
		Debug|Any CPU = Debug|Any CPU
		Release|Any CPU = Release|Any CPU
	EndGlobalSection
	GlobalSection(ProjectConfigurationPlatforms) = postSolution
		{96FFE64E-2FBD-4C8F-A5F7-5E176FDF4057}.Debug|Any CPU.ActiveCfg = Debug|Any CPU
		{96FFE64E-2FBD-4C8F-A5F7-5E176FDF4057}.Debug|Any CPU.Build.0 = Debug|Any CPU
		{96FFE64E-2FBD-4C8F-A5F7-5E176FDF4057}.Release|Any CPU.ActiveCfg = Release|Any CPU
		{96FFE64E-2FBD-4C8F-A5F7-5E176FDF4057}.Release|Any CPU.Build.0 = Release|Any CPU
		{34963766-8C9E-49EE-B974-C90EAA7823D7}.Debug|Any CPU.ActiveCfg = Debug|Any CPU
		{34963766-8C9E-49EE-B974-C90EAA7823D7}.Debug|Any CPU.Build.0 = Debug|Any CPU
		{34963766-8C9E-49EE-B974-C90EAA7823D7}.Release|Any CPU.ActiveCfg = Release|Any CPU
		{34963766-8C9E-49EE-B974-C90EAA7823D7}.Release|Any CPU.Build.0 = Release|Any CPU
	EndGlobalSection
	GlobalSection(SolutionProperties) = preSolution
		HideSolutionNode = FALSE
	EndGlobalSection
	GlobalSection(ExtensibilityGlobals) = postSolution
		SolutionGuid = {36C67F10-20F7-45C0-8E9E-ACB10EDEBB4A}
	EndGlobalSection
EndGlobal
